<?xml version="1.0" encoding="UTF-8" standalone="yes" ?>
<CodeBlocks_project_file>
	<FileVersion major="1" minor="6" />
	<Project>
		<Option title="TDD Example" />
		<Option pch_mode="2" />
		<Option compiler="gcc" />
		<Build>
			<Target title="Debug">
				<Option output="bin/Debug/TDD Example" prefix_auto="1" extension_auto="1" />
				<Option object_output="obj/Debug/" />
				<Option type="1" />
				<Option compiler="gcc" />
				<Compiler>
					<Add option="-g" />
				</Compiler>
			</Target>
			<Target title="Release">
				<Option output="bin/Release/TDD Example" prefix_auto="1" extension_auto="1" />
				<Option object_output="obj/Release/" />
				<Option type="1" />
				<Option compiler="gcc" />
				<Compiler>
					<Add option="-O2" />
				</Compiler>
				<Linker>
					<Add option="-s" />
				</Linker>
			</Target>
		</Build>
		<Compiler>
			<Add option="-Wall" />
		</Compiler>
		<Unit filename="Doxygen.md" />
		<Unit filename="source/main.c">
			<Option compilerVar="CC" />
		</Unit>
		<Unit filename="source/motor/motor.c">
			<Option compilerVar="CC" />
		</Unit>
		<Unit filename="source/motor/motor.h" />
		<Unit filename="source/speed/speed.c">
			<Option compilerVar="CC" />
		</Unit>
		<Unit filename="source/speed/speed.h" />
		<Unit filename="source/switch/switch.c">
			<Option compilerVar="CC" />
		</Unit>
		<Unit filename="source/switch/switch.h" />
		<Unit filename="test/fake_switch/fake_sw.c">
			<Option compilerVar="CC" />
		</Unit>
		<Unit filename="test/fake_switch/fake_sw.h" />
		<Unit filename="test/fake_switch/fake_sw_test.c">
			<Option compilerVar="CC" />
		</Unit>
		<Unit filename="test/speed_test/speed_test.c">
			<Option compilerVar="CC" />
		</Unit>
		<Unit filename="test/unity/unity.c">
			<Option compilerVar="CC" />
		</Unit>
		<Unit filename="test/unity/unity.h" />
		<Unit filename="test/unity/unity_fixture.c">
			<Option compilerVar="CC" />
		</Unit>
		<Unit filename="test/unity/unity_fixture.h" />
		<Unit filename="test/unity/unity_fixture_internals.h" />
		<Unit filename="test/unity/unity_internals.h" />
		<Unit filename="test/unity/unity_memory.c">
			<Option compilerVar="CC" />
		</Unit>
		<Unit filename="test/unity/unity_memory.h" />
		<Extensions>
			<lib_finder disable_auto="1" />
			<code_completion />
			<envvars />
			<debugger />
		</Extensions>
	</Project>
</CodeBlocks_project_file>
